
Microsoft Visual Studio Solution File, Format Version 12.00
# Visual Studio 15
VisualStudioVersion = 15.0.27428.2027
MinimumVisualStudioVersion = 10.0.40219.1
Project("{FAE04EC0-301F-11D3-BF4B-00C04F79EFBC}") = "MvcAdmin", "MvcAdmin\MvcAdmin.csproj", "{12EB6116-44DC-4E60-A3F4-2A30774EF80A}"
EndProject
Global
	GlobalSection(SolutionConfigurationPlatforms) = preSolution
		Debug|Any CPU = Debug|Any CPU
		Release|Any CPU = Release|Any CPU
	EndGlobalSection
	GlobalSection(ProjectConfigurationPlatforms) = postSolution
		{12EB6116-44DC-4E60-A3F4-2A30774EF80A}.Debug|Any CPU.ActiveCfg = Debug|Any CPU
		{12EB6116-44DC-4E60-A3F4-2A30774EF80A}.Debug|Any CPU.Build.0 = Debug|Any CPU
		{12EB6116-44DC-4E60-A3F4-2A30774EF80A}.Release|Any CPU.ActiveCfg = Release|Any CPU
		{12EB6116-44DC-4E60-A3F4-2A30774EF80A}.Release|Any CPU.Build.0 = Release|Any CPU
	EndGlobalSection
	GlobalSection(SolutionProperties) = preSolution
		HideSolutionNode = FALSE
	EndGlobalSection
	GlobalSection(ExtensibilityGlobals) = postSolution
		SolutionGuid = {3675AFAC-0B0F-44A5-AD13-0717ADD566A4}
	EndGlobalSection
EndGlobal
